<?xml version="1.0" encoding="utf-8"?>
<Project ToolsVersion="4.0" xmlns="http://schemas.microsoft.com/developer/msbuild/2003">
  <ItemGroup>
    <Filter Include="Clover">
      <UniqueIdentifier>{D0DE09AC-BC80-3482-A53B-48D6917CBBD2}</UniqueIdentifier>
    </Filter>
  </ItemGroup>
  <ItemGroup>
    <ClInclude Include="src\Clover.h" />
    <ClInclude Include="src\Clover\Application.h">
      <Filter>Clover</Filter>
    </ClInclude>
    <ClInclude Include="src\Clover\Core.h">
      <Filter>Clover</Filter>
    </ClInclude>
    <ClInclude Include="src\Clover\EntryPoint.h">
      <Filter>Clover</Filter>
    </ClInclude>
    <ClInclude Include="src\Clover\Log.h">
      <Filter>Clover</Filter>
    </ClInclude>
  </ItemGroup>
  <ItemGroup>
    <ClCompile Include="src\Clover\Application.cpp">
      <Filter>Clover</Filter>
    </ClCompile>
    <ClCompile Include="src\Clover\Log.cpp">
      <Filter>Clover</Filter>
    </ClCompile>
  </ItemGroup>
</Project>